# This file is automatically @generated by Poetry 1.8.2 and should not be changed by hand.

[[package]]
name = "cython"
version = "3.0.11"
description = "The Cython compiler for writing C extensions in the Python language."
optional = false
python-versions = "!=3.0.*,!=3.1.*,!=3.2.*,!=3.3.*,>=2.7"
files = [
    {file = "Cython-3.0.11-cp310-cp310-macosx_10_9_x86_64.whl", hash = "sha256:44292aae17524abb4b70a25111fe7dec1a0ad718711d47e3786a211d5408fdaa"},
    {file = "Cython-3.0.11-cp310-cp310-manylinux_2_17_aarch64.manylinux2014_aarch64.whl", hash = "sha256:a75d45fbc20651c1b72e4111149fed3b33d270b0a4fb78328c54d965f28d55e1"},
    {file = "Cython-3.0.11-cp310-cp310-manylinux_2_17_x86_64.manylinux2014_x86_64.whl", hash = "sha256:d89a82937ce4037f092e9848a7bbcc65bc8e9fc9aef2bb74f5c15e7d21a73080"},
    {file = "Cython-3.0.11-cp310-cp310-manylinux_2_5_i686.manylinux1_i686.manylinux_2_17_i686.manylinux2014_i686.whl", hash = "sha256:2a8ea2e7e2d3bc0d8630dafe6c4a5a89485598ff8a61885b74f8ed882597efd5"},
    {file = "Cython-3.0.11-cp310-cp310-musllinux_1_2_aarch64.whl", hash = "sha256:cee29846471ce60226b18e931d8c1c66a158db94853e3e79bc2da9bd22345008"},
    {file = "Cython-3.0.11-cp310-cp310-musllinux_1_2_x86_64.whl", hash = "sha256:eeb6860b0f4bfa402de8929833fe5370fa34069c7ebacb2d543cb017f21fb891"},
    {file = "Cython-3.0.11-cp310-cp310-win32.whl", hash = "sha256:3699391125ab344d8d25438074d1097d9ba0fb674d0320599316cfe7cf5f002a"},
    {file = "Cython-3.0.11-cp310-cp310-win_amd64.whl", hash = "sha256:d02f4ebe15aac7cdacce1a628e556c1983f26d140fd2e0ac5e0a090e605a2d38"},
    {file = "Cython-3.0.11-cp311-cp311-macosx_10_9_x86_64.whl", hash = "sha256:75ba1c70b6deeaffbac123856b8d35f253da13552207aa969078611c197377e4"},
    {file = "Cython-3.0.11-cp311-cp311-manylinux_2_17_aarch64.manylinux2014_aarch64.whl", hash = "sha256:af91497dc098718e634d6ec8f91b182aea6bb3690f333fc9a7777bc70abe8810"},
    {file = "Cython-3.0.11-cp311-cp311-manylinux_2_17_x86_64.manylinux2014_x86_64.whl", hash = "sha256:3999fb52d3328a6a5e8c63122b0a8bd110dfcdb98dda585a3def1426b991cba7"},
    {file = "Cython-3.0.11-cp311-cp311-manylinux_2_5_i686.manylinux1_i686.manylinux_2_17_i686.manylinux2014_i686.whl", hash = "sha256:d566a4e09b8979be8ab9f843bac0dd216c81f5e5f45661a9b25cd162ed80508c"},
    {file = "Cython-3.0.11-cp311-cp311-musllinux_1_2_aarch64.whl", hash = "sha256:46aec30f217bdf096175a1a639203d44ac73a36fe7fa3dd06bd012e8f39eca0f"},
    {file = "Cython-3.0.11-cp311-cp311-musllinux_1_2_x86_64.whl", hash = "sha256:ddd1fe25af330f4e003421636746a546474e4ccd8f239f55d2898d80983d20ed"},
    {file = "Cython-3.0.11-cp311-cp311-win32.whl", hash = "sha256:221de0b48bf387f209003508e602ce839a80463522fc6f583ad3c8d5c890d2c1"},
    {file = "Cython-3.0.11-cp311-cp311-win_amd64.whl", hash = "sha256:3ff8ac1f0ecd4f505db4ab051e58e4531f5d098b6ac03b91c3b902e8d10c67b3"},
    {file = "Cython-3.0.11-cp312-cp312-macosx_10_9_x86_64.whl", hash = "sha256:11996c40c32abf843ba652a6d53cb15944c88d91f91fc4e6f0028f5df8a8f8a1"},
    {file = "Cython-3.0.11-cp312-cp312-manylinux_2_17_aarch64.manylinux2014_aarch64.whl", hash = "sha256:63f2c892e9f9c1698ecfee78205541623eb31cd3a1b682668be7ac12de94aa8e"},
    {file = "Cython-3.0.11-cp312-cp312-manylinux_2_17_x86_64.manylinux2014_x86_64.whl", hash = "sha256:8b14c24f1dc4c4c9d997cca8d1b7fb01187a218aab932328247dcf5694a10102"},
    {file = "Cython-3.0.11-cp312-cp312-manylinux_2_5_i686.manylinux1_i686.manylinux_2_17_i686.manylinux2014_i686.whl", hash = "sha256:c8eed5c015685106db15dd103fd040948ddca9197b1dd02222711815ea782a27"},
    {file = "Cython-3.0.11-cp312-cp312-musllinux_1_2_aarch64.whl", hash = "sha256:780f89c95b8aec1e403005b3bf2f0a2afa060b3eba168c86830f079339adad89"},
    {file = "Cython-3.0.11-cp312-cp312-musllinux_1_2_x86_64.whl", hash = "sha256:a690f2ff460682ea985e8d38ec541be97e0977fa0544aadc21efc116ff8d7579"},
    {file = "Cython-3.0.11-cp312-cp312-win32.whl", hash = "sha256:2252b5aa57621848e310fe7fa6f7dce5f73aa452884a183d201a8bcebfa05a00"},
    {file = "Cython-3.0.11-cp312-cp312-win_amd64.whl", hash = "sha256:da394654c6da15c1d37f0b7ec5afd325c69a15ceafee2afba14b67a5df8a82c8"},
    {file = "Cython-3.0.11-cp313-cp313-macosx_10_13_x86_64.whl", hash = "sha256:4341d6a64d47112884e0bcf31e6c075268220ee4cd02223047182d4dda94d637"},
    {file = "Cython-3.0.11-cp313-cp313-manylinux_2_17_aarch64.manylinux2014_aarch64.whl", hash = "sha256:351955559b37e6c98b48aecb178894c311be9d731b297782f2b78d111f0c9015"},
    {file = "Cython-3.0.11-cp313-cp313-manylinux_2_17_x86_64.manylinux2014_x86_64.whl", hash = "sha256:9c02361af9bfa10ff1ccf967fc75159e56b1c8093caf565739ed77a559c1f29f"},
    {file = "Cython-3.0.11-cp313-cp313-manylinux_2_5_i686.manylinux1_i686.manylinux_2_17_i686.manylinux2014_i686.whl", hash = "sha256:6823aef13669a32caf18bbb036de56065c485d9f558551a9b55061acf9c4c27f"},
    {file = "Cython-3.0.11-cp313-cp313-musllinux_1_2_aarch64.whl", hash = "sha256:6fb68cef33684f8cc97987bee6ae919eee7e18ee6a3ad7ed9516b8386ef95ae6"},
    {file = "Cython-3.0.11-cp313-cp313-musllinux_1_2_x86_64.whl", hash = "sha256:790263b74432cb997740d73665f4d8d00b9cd1cecbdd981d93591ddf993d4f12"},
    {file = "Cython-3.0.11-cp313-cp313-win32.whl", hash = "sha256:e6dd395d1a704e34a9fac00b25f0036dce6654c6b898be6f872ac2bb4f2eda48"},
    {file = "Cython-3.0.11-cp313-cp313-win_amd64.whl", hash = "sha256:52186101d51497519e99b60d955fd5cb3bf747c67f00d742e70ab913f1e42d31"},
    {file = "Cython-3.0.11-cp36-cp36m-macosx_10_9_x86_64.whl", hash = "sha256:c69d5cad51388522b98a99b4be1b77316de85b0c0523fa865e0ea58bbb622e0a"},
    {file = "Cython-3.0.11-cp36-cp36m-manylinux_2_17_aarch64.manylinux2014_aarch64.whl", hash = "sha256:8acdc87e9009110adbceb7569765eb0980129055cc954c62f99fe9f094c9505e"},
    {file = "Cython-3.0.11-cp36-cp36m-manylinux_2_17_x86_64.manylinux2014_x86_64.whl", hash = "sha256:1dd47865f4c0a224da73acf83d113f93488d17624e2457dce1753acdfb1cc40c"},
    {file = "Cython-3.0.11-cp36-cp36m-manylinux_2_5_i686.manylinux1_i686.manylinux_2_17_i686.manylinux2014_i686.whl", hash = "sha256:301bde949b4f312a1c70e214b0c3bc51a3f955d466010d2f68eb042df36447b0"},
    {file = "Cython-3.0.11-cp36-cp36m-musllinux_1_2_aarch64.whl", hash = "sha256:f3953d2f504176f929862e5579cfc421860c33e9707f585d70d24e1096accdf7"},
    {file = "Cython-3.0.11-cp36-cp36m-musllinux_1_2_x86_64.whl", hash = "sha256:3f2b062f6df67e8a56c75e500ca330cf62c85ac26dd7fd006f07ef0f83aebfa3"},
    {file = "Cython-3.0.11-cp36-cp36m-win32.whl", hash = "sha256:c3d68751668c66c7a140b6023dba5d5d507f72063407bb609d3a5b0f3b8dfbe4"},
    {file = "Cython-3.0.11-cp36-cp36m-win_amd64.whl", hash = "sha256:bcd29945fafd12484cf37b1d84f12f0e7a33ba3eac5836531c6bd5283a6b3a0c"},
    {file = "Cython-3.0.11-cp37-cp37m-macosx_10_9_x86_64.whl", hash = "sha256:4e9a8d92978b15a0c7ca7f98447c6c578dc8923a0941d9d172d0b077cb69c576"},
    {file = "Cython-3.0.11-cp37-cp37m-manylinux_2_17_aarch64.manylinux2014_aarch64.whl", hash = "sha256:421017466e9260aca86823974e26e158e6358622f27c0f4da9c682f3b6d2e624"},
    {file = "Cython-3.0.11-cp37-cp37m-manylinux_2_17_x86_64.manylinux2014_x86_64.whl", hash = "sha256:d80a7232938d523c1a12f6b1794ab5efb1ae77ad3fde79de4bb558d8ab261619"},
    {file = "Cython-3.0.11-cp37-cp37m-manylinux_2_5_i686.manylinux1_i686.manylinux_2_17_i686.manylinux2014_i686.whl", hash = "sha256:bfa550d9ae39e827a6e7198076df763571cb53397084974a6948af558355e028"},
    {file = "Cython-3.0.11-cp37-cp37m-musllinux_1_2_aarch64.whl", hash = "sha256:aedceb6090a60854b31bf9571dc55f642a3fa5b91f11b62bcef167c52cac93d8"},
    {file = "Cython-3.0.11-cp37-cp37m-musllinux_1_2_x86_64.whl", hash = "sha256:473d35681d9f93ce380e6a7c8feb2d65fc6333bd7117fbc62989e404e241dbb0"},
    {file = "Cython-3.0.11-cp37-cp37m-win32.whl", hash = "sha256:3379c6521e25aa6cd7703bb7d635eaca75c0f9c7f1b0fdd6dd15a03bfac5f68d"},
    {file = "Cython-3.0.11-cp37-cp37m-win_amd64.whl", hash = "sha256:14701edb3107a5d9305a82d9d646c4f28bfecbba74b26cc1ee2f4be08f602057"},
    {file = "Cython-3.0.11-cp38-cp38-macosx_10_9_x86_64.whl", hash = "sha256:598699165cfa7c6d69513ee1bffc9e1fdd63b00b624409174c388538aa217975"},
    {file = "Cython-3.0.11-cp38-cp38-manylinux_2_17_aarch64.manylinux2014_aarch64.whl", hash = "sha256:a0583076c4152b417a3a8a5d81ec02f58c09b67d3f22d5857e64c8734ceada8c"},
    {file = "Cython-3.0.11-cp38-cp38-manylinux_2_17_x86_64.manylinux2014_x86_64.whl", hash = "sha256:52205347e916dd65d2400b977df4c697390c3aae0e96275a438cc4ae85dadc08"},
    {file = "Cython-3.0.11-cp38-cp38-manylinux_2_5_i686.manylinux1_i686.manylinux_2_17_i686.manylinux2014_i686.whl", hash = "sha256:989899a85f0d9a57cebb508bd1f194cb52f0e3f7e22ac259f33d148d6422375c"},
    {file = "Cython-3.0.11-cp38-cp38-musllinux_1_2_aarch64.whl", hash = "sha256:53b6072a89049a991d07f42060f65398448365c59c9cb515c5925b9bdc9d71f8"},
    {file = "Cython-3.0.11-cp38-cp38-musllinux_1_2_x86_64.whl", hash = "sha256:f988f7f8164a6079c705c39e2d75dbe9967e3dacafe041420d9af7b9ee424162"},
    {file = "Cython-3.0.11-cp38-cp38-win32.whl", hash = "sha256:a1f4cbc70f6b7f0c939522118820e708e0d490edca42d852fa8004ec16780be2"},
    {file = "Cython-3.0.11-cp38-cp38-win_amd64.whl", hash = "sha256:187685e25e037320cae513b8cc4bf9dbc4465c037051aede509cbbf207524de2"},
    {file = "Cython-3.0.11-cp39-cp39-macosx_10_9_x86_64.whl", hash = "sha256:0fc6fdd6fa493be7bdda22355689d5446ac944cd71286f6f44a14b0d67ee3ff5"},
    {file = "Cython-3.0.11-cp39-cp39-manylinux_2_17_aarch64.manylinux2014_aarch64.whl", hash = "sha256:0b1d1f6f94cc5d42a4591f6d60d616786b9cd15576b112bc92a23131fcf38020"},
    {file = "Cython-3.0.11-cp39-cp39-manylinux_2_17_x86_64.manylinux2014_x86_64.whl", hash = "sha256:b4ab2b92a3e6ed552adbe9350fd2ef3aa0cc7853cf91569f9dbed0c0699bbeab"},
    {file = "Cython-3.0.11-cp39-cp39-manylinux_2_5_i686.manylinux1_i686.manylinux_2_17_i686.manylinux2014_i686.whl", hash = "sha256:104d6f2f2c827ccc5e9e42c80ef6773a6aa94752fe6bc5b24a4eab4306fb7f07"},
    {file = "Cython-3.0.11-cp39-cp39-musllinux_1_2_aarch64.whl", hash = "sha256:13062ce556a1e98d2821f7a0253b50569fdc98c36efd6653a65b21e3f8bbbf5f"},
    {file = "Cython-3.0.11-cp39-cp39-musllinux_1_2_x86_64.whl", hash = "sha256:525d09b3405534763fa73bd78c8e51ac8264036ce4c16d37dfd1555a7da6d3a7"},
    {file = "Cython-3.0.11-cp39-cp39-win32.whl", hash = "sha256:b8c7e514075696ca0f60c337f9e416e61d7ccbc1aa879a56c39181ed90ec3059"},
    {file = "Cython-3.0.11-cp39-cp39-win_amd64.whl", hash = "sha256:8948802e1f5677a673ea5d22a1e7e273ca5f83e7a452786ca286eebf97cee67c"},
    {file = "Cython-3.0.11-py2.py3-none-any.whl", hash = "sha256:0e25f6425ad4a700d7f77cd468da9161e63658837d1bc34861a9861a4ef6346d"},
    {file = "cython-3.0.11.tar.gz", hash = "sha256:7146dd2af8682b4ca61331851e6aebce9fe5158e75300343f80c07ca80b1faff"},
]

[[package]]
name = "numpy"
version = "2.1.1"
description = "Fundamental package for array computing in Python"
optional = false
python-versions = ">=3.10"
files = [
    {file = "numpy-2.1.1-cp310-cp310-macosx_10_9_x86_64.whl", hash = "sha256:c8a0e34993b510fc19b9a2ce7f31cb8e94ecf6e924a40c0c9dd4f62d0aac47d9"},
    {file = "numpy-2.1.1-cp310-cp310-macosx_11_0_arm64.whl", hash = "sha256:7dd86dfaf7c900c0bbdcb8b16e2f6ddf1eb1fe39c6c8cca6e94844ed3152a8fd"},
    {file = "numpy-2.1.1-cp310-cp310-macosx_14_0_arm64.whl", hash = "sha256:5889dd24f03ca5a5b1e8a90a33b5a0846d8977565e4ae003a63d22ecddf6782f"},
    {file = "numpy-2.1.1-cp310-cp310-macosx_14_0_x86_64.whl", hash = "sha256:59ca673ad11d4b84ceb385290ed0ebe60266e356641428c845b39cd9df6713ab"},
    {file = "numpy-2.1.1-cp310-cp310-manylinux_2_17_aarch64.manylinux2014_aarch64.whl", hash = "sha256:13ce49a34c44b6de5241f0b38b07e44c1b2dcacd9e36c30f9c2fcb1bb5135db7"},
    {file = "numpy-2.1.1-cp310-cp310-manylinux_2_17_x86_64.manylinux2014_x86_64.whl", hash = "sha256:913cc1d311060b1d409e609947fa1b9753701dac96e6581b58afc36b7ee35af6"},
    {file = "numpy-2.1.1-cp310-cp310-musllinux_1_1_x86_64.whl", hash = "sha256:caf5d284ddea7462c32b8d4a6b8af030b6c9fd5332afb70e7414d7fdded4bfd0"},
    {file = "numpy-2.1.1-cp310-cp310-musllinux_1_2_aarch64.whl", hash = "sha256:57eb525e7c2a8fdee02d731f647146ff54ea8c973364f3b850069ffb42799647"},
    {file = "numpy-2.1.1-cp310-cp310-win32.whl", hash = "sha256:9a8e06c7a980869ea67bbf551283bbed2856915f0a792dc32dd0f9dd2fb56728"},
    {file = "numpy-2.1.1-cp310-cp310-win_amd64.whl", hash = "sha256:d10c39947a2d351d6d466b4ae83dad4c37cd6c3cdd6d5d0fa797da56f710a6ae"},
    {file = "numpy-2.1.1-cp311-cp311-macosx_10_9_x86_64.whl", hash = "sha256:0d07841fd284718feffe7dd17a63a2e6c78679b2d386d3e82f44f0108c905550"},
    {file = "numpy-2.1.1-cp311-cp311-macosx_11_0_arm64.whl", hash = "sha256:b5613cfeb1adfe791e8e681128f5f49f22f3fcaa942255a6124d58ca59d9528f"},
    {file = "numpy-2.1.1-cp311-cp311-macosx_14_0_arm64.whl", hash = "sha256:0b8cc2715a84b7c3b161f9ebbd942740aaed913584cae9cdc7f8ad5ad41943d0"},
    {file = "numpy-2.1.1-cp311-cp311-macosx_14_0_x86_64.whl", hash = "sha256:b49742cdb85f1f81e4dc1b39dcf328244f4d8d1ded95dea725b316bd2cf18c95"},
    {file = "numpy-2.1.1-cp311-cp311-manylinux_2_17_aarch64.manylinux2014_aarch64.whl", hash = "sha256:e8d5f8a8e3bc87334f025194c6193e408903d21ebaeb10952264943a985066ca"},
    {file = "numpy-2.1.1-cp311-cp311-manylinux_2_17_x86_64.manylinux2014_x86_64.whl", hash = "sha256:d51fc141ddbe3f919e91a096ec739f49d686df8af254b2053ba21a910ae518bf"},
    {file = "numpy-2.1.1-cp311-cp311-musllinux_1_1_x86_64.whl", hash = "sha256:98ce7fb5b8063cfdd86596b9c762bf2b5e35a2cdd7e967494ab78a1fa7f8b86e"},
    {file = "numpy-2.1.1-cp311-cp311-musllinux_1_2_aarch64.whl", hash = "sha256:24c2ad697bd8593887b019817ddd9974a7f429c14a5469d7fad413f28340a6d2"},
    {file = "numpy-2.1.1-cp311-cp311-win32.whl", hash = "sha256:397bc5ce62d3fb73f304bec332171535c187e0643e176a6e9421a6e3eacef06d"},
    {file = "numpy-2.1.1-cp311-cp311-win_amd64.whl", hash = "sha256:ae8ce252404cdd4de56dcfce8b11eac3c594a9c16c231d081fb705cf23bd4d9e"},
    {file = "numpy-2.1.1-cp312-cp312-macosx_10_9_x86_64.whl", hash = "sha256:7c803b7934a7f59563db459292e6aa078bb38b7ab1446ca38dd138646a38203e"},
    {file = "numpy-2.1.1-cp312-cp312-macosx_11_0_arm64.whl", hash = "sha256:6435c48250c12f001920f0751fe50c0348f5f240852cfddc5e2f97e007544cbe"},
    {file = "numpy-2.1.1-cp312-cp312-macosx_14_0_arm64.whl", hash = "sha256:3269c9eb8745e8d975980b3a7411a98976824e1fdef11f0aacf76147f662b15f"},
    {file = "numpy-2.1.1-cp312-cp312-macosx_14_0_x86_64.whl", hash = "sha256:fac6e277a41163d27dfab5f4ec1f7a83fac94e170665a4a50191b545721c6521"},
    {file = "numpy-2.1.1-cp312-cp312-manylinux_2_17_aarch64.manylinux2014_aarch64.whl", hash = "sha256:fcd8f556cdc8cfe35e70efb92463082b7f43dd7e547eb071ffc36abc0ca4699b"},
    {file = "numpy-2.1.1-cp312-cp312-manylinux_2_17_x86_64.manylinux2014_x86_64.whl", hash = "sha256:d2b9cd92c8f8e7b313b80e93cedc12c0112088541dcedd9197b5dee3738c1201"},
    {file = "numpy-2.1.1-cp312-cp312-musllinux_1_1_x86_64.whl", hash = "sha256:afd9c680df4de71cd58582b51e88a61feed4abcc7530bcd3d48483f20fc76f2a"},
    {file = "numpy-2.1.1-cp312-cp312-musllinux_1_2_aarch64.whl", hash = "sha256:8661c94e3aad18e1ea17a11f60f843a4933ccaf1a25a7c6a9182af70610b2313"},
    {file = "numpy-2.1.1-cp312-cp312-win32.whl", hash = "sha256:950802d17a33c07cba7fd7c3dcfa7d64705509206be1606f196d179e539111ed"},
    {file = "numpy-2.1.1-cp312-cp312-win_amd64.whl", hash = "sha256:3fc5eabfc720db95d68e6646e88f8b399bfedd235994016351b1d9e062c4b270"},
    {file = "numpy-2.1.1-cp313-cp313-macosx_10_13_x86_64.whl", hash = "sha256:046356b19d7ad1890c751b99acad5e82dc4a02232013bd9a9a712fddf8eb60f5"},
    {file = "numpy-2.1.1-cp313-cp313-macosx_11_0_arm64.whl", hash = "sha256:6e5a9cb2be39350ae6c8f79410744e80154df658d5bea06e06e0ac5bb75480d5"},
    {file = "numpy-2.1.1-cp313-cp313-macosx_14_0_arm64.whl", hash = "sha256:d4c57b68c8ef5e1ebf47238e99bf27657511ec3f071c465f6b1bccbef12d4136"},
    {file = "numpy-2.1.1-cp313-cp313-macosx_14_0_x86_64.whl", hash = "sha256:8ae0fd135e0b157365ac7cc31fff27f07a5572bdfc38f9c2d43b2aff416cc8b0"},
    {file = "numpy-2.1.1-cp313-cp313-manylinux_2_17_aarch64.manylinux2014_aarch64.whl", hash = "sha256:981707f6b31b59c0c24bcda52e5605f9701cb46da4b86c2e8023656ad3e833cb"},
    {file = "numpy-2.1.1-cp313-cp313-manylinux_2_17_x86_64.manylinux2014_x86_64.whl", hash = "sha256:2ca4b53e1e0b279142113b8c5eb7d7a877e967c306edc34f3b58e9be12fda8df"},
    {file = "numpy-2.1.1-cp313-cp313-musllinux_1_1_x86_64.whl", hash = "sha256:e097507396c0be4e547ff15b13dc3866f45f3680f789c1a1301b07dadd3fbc78"},
    {file = "numpy-2.1.1-cp313-cp313-musllinux_1_2_aarch64.whl", hash = "sha256:f7506387e191fe8cdb267f912469a3cccc538ab108471291636a96a54e599556"},
    {file = "numpy-2.1.1-cp313-cp313-win32.whl", hash = "sha256:251105b7c42abe40e3a689881e1793370cc9724ad50d64b30b358bbb3a97553b"},
    {file = "numpy-2.1.1-cp313-cp313-win_amd64.whl", hash = "sha256:f212d4f46b67ff604d11fff7cc62d36b3e8714edf68e44e9760e19be38c03eb0"},
    {file = "numpy-2.1.1-cp313-cp313t-macosx_10_13_x86_64.whl", hash = "sha256:920b0911bb2e4414c50e55bd658baeb78281a47feeb064ab40c2b66ecba85553"},
    {file = "numpy-2.1.1-cp313-cp313t-macosx_11_0_arm64.whl", hash = "sha256:bab7c09454460a487e631ffc0c42057e3d8f2a9ddccd1e60c7bb8ed774992480"},
    {file = "numpy-2.1.1-cp313-cp313t-macosx_14_0_arm64.whl", hash = "sha256:cea427d1350f3fd0d2818ce7350095c1a2ee33e30961d2f0fef48576ddbbe90f"},
    {file = "numpy-2.1.1-cp313-cp313t-macosx_14_0_x86_64.whl", hash = "sha256:e30356d530528a42eeba51420ae8bf6c6c09559051887196599d96ee5f536468"},
    {file = "numpy-2.1.1-cp313-cp313t-manylinux_2_17_aarch64.manylinux2014_aarch64.whl", hash = "sha256:e8dfa9e94fc127c40979c3eacbae1e61fda4fe71d84869cc129e2721973231ef"},
    {file = "numpy-2.1.1-cp313-cp313t-manylinux_2_17_x86_64.manylinux2014_x86_64.whl", hash = "sha256:910b47a6d0635ec1bd53b88f86120a52bf56dcc27b51f18c7b4a2e2224c29f0f"},
    {file = "numpy-2.1.1-cp313-cp313t-musllinux_1_1_x86_64.whl", hash = "sha256:13cc11c00000848702322af4de0147ced365c81d66053a67c2e962a485b3717c"},
    {file = "numpy-2.1.1-cp313-cp313t-musllinux_1_2_aarch64.whl", hash = "sha256:53e27293b3a2b661c03f79aa51c3987492bd4641ef933e366e0f9f6c9bf257ec"},
    {file = "numpy-2.1.1-pp310-pypy310_pp73-macosx_10_15_x86_64.whl", hash = "sha256:7be6a07520b88214ea85d8ac8b7d6d8a1839b0b5cb87412ac9f49fa934eb15d5"},
    {file = "numpy-2.1.1-pp310-pypy310_pp73-macosx_14_0_x86_64.whl", hash = "sha256:52ac2e48f5ad847cd43c4755520a2317f3380213493b9d8a4c5e37f3b87df504"},
    {file = "numpy-2.1.1-pp310-pypy310_pp73-manylinux_2_17_x86_64.manylinux2014_x86_64.whl", hash = "sha256:50a95ca3560a6058d6ea91d4629a83a897ee27c00630aed9d933dff191f170cd"},
    {file = "numpy-2.1.1-pp310-pypy310_pp73-win_amd64.whl", hash = "sha256:99f4a9ee60eed1385a86e82288971a51e71df052ed0b2900ed30bc840c0f2e39"},
    {file = "numpy-2.1.1.tar.gz", hash = "sha256:d0cf7d55b1051387807405b3898efafa862997b4cba8aa5dbe657be794afeafd"},
]

[[package]]
name = "py-trees"
version = "2.2.3"
description = "pythonic implementation of behaviour trees"
optional = false
python-versions = ">=3.8,<4.0"
files = [
    {file = "py_trees-2.2.3-py3-none-any.whl", hash = "sha256:0c667e15d45157d92b0cd23f0cf8f8ca6a41bd9d2f3a159599cbf88287d98566"},
    {file = "py_trees-2.2.3.tar.gz", hash = "sha256:8a2024ca6cb966c3c571d91e2d60c90cc562c4d237a0af8ab7a7c27c2cff0795"},
]

[package.dependencies]
pydot = ">=1.4"

[[package]]
name = "pydot"
version = "3.0.1"
description = "Python interface to Graphviz's Dot"
optional = false
python-versions = ">=3.8"
files = [
    {file = "pydot-3.0.1-py3-none-any.whl", hash = "sha256:43f1e878dc1ff7c1c2e3470a6999d4e9e97771c5c862440c2f0af0ba844c231f"},
    {file = "pydot-3.0.1.tar.gz", hash = "sha256:e18cf7f287c497d77b536a3d20a46284568fea390776dface6eabbdf1b1b5efc"},
]

[package.dependencies]
pyparsing = ">=3.0.9"

[package.extras]
dev = ["chardet", "parameterized", "ruff"]
release = ["zest.releaser[recommended]"]
tests = ["chardet", "parameterized", "ruff", "tox", "unittest-parallel"]

[[package]]
name = "pygame"
version = "2.6.0"
description = "Python Game Development"
optional = false
python-versions = ">=3.6"
files = [
    {file = "pygame-2.6.0-cp310-cp310-macosx_10_9_x86_64.whl", hash = "sha256:e5707aa9d029752495b3eddc1edff62e0e390a02f699b0f1ce77fe0b8c70ea4f"},
    {file = "pygame-2.6.0-cp310-cp310-macosx_11_0_arm64.whl", hash = "sha256:d3ed0547368733b854c0d9981c982a3cdfabfa01b477d095c57bf47f2199da44"},
    {file = "pygame-2.6.0-cp310-cp310-manylinux_2_17_aarch64.manylinux2014_aarch64.whl", hash = "sha256:6050f3e95f1f16602153d616b52619c6a2041cee7040eb529f65689e9633fc3e"},
    {file = "pygame-2.6.0-cp310-cp310-manylinux_2_17_i686.manylinux2014_i686.whl", hash = "sha256:89be55b7e9e22e0eea08af9d6cfb97aed5da780f0b3a035803437d481a16d972"},
    {file = "pygame-2.6.0-cp310-cp310-manylinux_2_17_x86_64.manylinux2014_x86_64.whl", hash = "sha256:7d65fb222eea1294cfc8206d9e5754d476a1673eb2783c03c4f70e0455320274"},
    {file = "pygame-2.6.0-cp310-cp310-win32.whl", hash = "sha256:71eebb9803cb350298de188fb7cdd3ebf13299f78d59a71c7e81efc649aae348"},
    {file = "pygame-2.6.0-cp310-cp310-win_amd64.whl", hash = "sha256:1551852a2cd5b4139a752888f6cbeeb4a96fc0fe6e6f3f8b9d9784eb8fceab13"},
    {file = "pygame-2.6.0-cp311-cp311-macosx_10_9_x86_64.whl", hash = "sha256:f6e5e6c010b1bf429388acf4d41d7ab2f7ad8fbf241d0db822102d35c9a2eb84"},
    {file = "pygame-2.6.0-cp311-cp311-macosx_11_0_arm64.whl", hash = "sha256:99902f4a2f6a338057200d99b5120a600c27a9f629ca012a9b0087c045508d08"},
    {file = "pygame-2.6.0-cp311-cp311-manylinux_2_17_aarch64.manylinux2014_aarch64.whl", hash = "sha256:6a284664978a1989c1e31a0888b2f70cfbcbafdfa3bb310e750b0d3366416225"},
    {file = "pygame-2.6.0-cp311-cp311-manylinux_2_17_i686.manylinux2014_i686.whl", hash = "sha256:829623cee298b3dbaa1dd9f52c3051ae82f04cad7708c8c67cb9a1a4b8fd3c0b"},
    {file = "pygame-2.6.0-cp311-cp311-manylinux_2_17_x86_64.manylinux2014_x86_64.whl", hash = "sha256:6acf7949ed764487d51123f4f3606e8f76b0df167fef12ef73ef423c35fdea39"},
    {file = "pygame-2.6.0-cp311-cp311-win32.whl", hash = "sha256:3f809560c99bd1fb4716610eca0cd36412528f03da1a63841a347b71d0c604ee"},
    {file = "pygame-2.6.0-cp311-cp311-win_amd64.whl", hash = "sha256:6897ab87f9193510a774a3483e00debfe166f340ca159f544ef99807e2a44ec4"},
    {file = "pygame-2.6.0-cp312-cp312-macosx_10_9_x86_64.whl", hash = "sha256:b834711ebc8b9d0c2a5f9bfae4403dd277b2c61bcb689e1aa630d01a1ebcf40a"},
    {file = "pygame-2.6.0-cp312-cp312-macosx_11_0_arm64.whl", hash = "sha256:b5ac288655e8a31a303cc286e79cc57979ed2ba19c3a14042d4b6391c1d3bed2"},
    {file = "pygame-2.6.0-cp312-cp312-manylinux_2_17_aarch64.manylinux2014_aarch64.whl", hash = "sha256:d666667b7826b0a7921b8ce0a282ba5281dfa106976c1a3b24e32a0af65ad3b1"},
    {file = "pygame-2.6.0-cp312-cp312-manylinux_2_17_i686.manylinux2014_i686.whl", hash = "sha256:fd8848a37a7cee37854c7efb8d451334477c9f8ce7ac339c079e724dc1334a76"},
    {file = "pygame-2.6.0-cp312-cp312-manylinux_2_17_x86_64.manylinux2014_x86_64.whl", hash = "sha256:315e7b3c1c573984f549ac5da9778ac4709b3b4e3a4061050d94eab63fa4fe31"},
    {file = "pygame-2.6.0-cp312-cp312-win32.whl", hash = "sha256:e44bde0840cc21a91c9d368846ac538d106cf0668be1a6030f48df139609d1e8"},
    {file = "pygame-2.6.0-cp312-cp312-win_amd64.whl", hash = "sha256:1c429824b1f881a7a5ce3b5c2014d3d182aa45a22cea33c8347a3971a5446907"},
    {file = "pygame-2.6.0-cp36-cp36m-macosx_10_9_x86_64.whl", hash = "sha256:b832200bd8b6fc485e087bf3ef7ec1a21437258536413a5386088f5dcd3a9870"},
    {file = "pygame-2.6.0-cp36-cp36m-manylinux_2_17_aarch64.manylinux2014_aarch64.whl", hash = "sha256:098029d01a46ea4e30620dfb7c28a577070b456c8fc96350dde05f85c0bf51b5"},
    {file = "pygame-2.6.0-cp36-cp36m-manylinux_2_17_i686.manylinux2014_i686.whl", hash = "sha256:a858bbdeac5ec473ec9e726c55fb8fbdc2f4aad7c55110e899883738071c7c9b"},
    {file = "pygame-2.6.0-cp36-cp36m-manylinux_2_17_x86_64.manylinux2014_x86_64.whl", hash = "sha256:6f908762941fd99e1f66d1211d26383184f6045c45673443138b214bf48a89aa"},
    {file = "pygame-2.6.0-cp36-cp36m-win32.whl", hash = "sha256:4a63daee99d050f47d6ec7fa7dbd1c6597b8f082cdd58b6918d382d2bc31262d"},
    {file = "pygame-2.6.0-cp36-cp36m-win_amd64.whl", hash = "sha256:ace471b3849d68968e5427fc01166ef5afaf552a5c442fc2c28d3b7226786f55"},
    {file = "pygame-2.6.0-cp37-cp37m-macosx_10_9_x86_64.whl", hash = "sha256:fea019713d0c89dfd5909225aa933010100035d1cd30e6c936e8b6f00529fb80"},
    {file = "pygame-2.6.0-cp37-cp37m-manylinux_2_17_aarch64.manylinux2014_aarch64.whl", hash = "sha256:249dbf2d51d9f0266009a380ccf0532e1a57614a1528bb2f89a802b01d61f93e"},
    {file = "pygame-2.6.0-cp37-cp37m-manylinux_2_17_i686.manylinux2014_i686.whl", hash = "sha256:8cb51533ee3204e8160600b0de34eaad70eb913a182c94a7777b6051e8fc52f1"},
    {file = "pygame-2.6.0-cp37-cp37m-manylinux_2_17_x86_64.manylinux2014_x86_64.whl", hash = "sha256:4f637636a44712e94e5601ec69160a080214626471983dfb0b5b68aa0c61563d"},
    {file = "pygame-2.6.0-cp37-cp37m-win32.whl", hash = "sha256:e432156b6f346f4cc6cab03ce9657600093390f4c9b10bf458716b25beebfe33"},
    {file = "pygame-2.6.0-cp37-cp37m-win_amd64.whl", hash = "sha256:a0194652db7874bdde7dfc69d659ca954544c012e04ae527151325bfb970f423"},
    {file = "pygame-2.6.0-cp38-cp38-macosx_10_9_x86_64.whl", hash = "sha256:eae3ee62cc172e268121d5bd9dc406a67094d33517de3a91de3323d6ae23eb02"},
    {file = "pygame-2.6.0-cp38-cp38-macosx_11_0_arm64.whl", hash = "sha256:f6a58b0a5a8740a3c2cf6fc5366888bd4514561253437f093c12a9ab4fb3ecae"},
    {file = "pygame-2.6.0-cp38-cp38-manylinux_2_17_aarch64.manylinux2014_aarch64.whl", hash = "sha256:c71da36997dc7b9b4ee973fa3a5d4a6cfb2149161b5b1c08b712d2f13a63ccfe"},
    {file = "pygame-2.6.0-cp38-cp38-manylinux_2_17_i686.manylinux2014_i686.whl", hash = "sha256:b86771801a7fc10d9a62218f27f1d5c13341c3a27394aa25578443a9cd199830"},
    {file = "pygame-2.6.0-cp38-cp38-manylinux_2_17_x86_64.manylinux2014_x86_64.whl", hash = "sha256:4928f3acf5a9ce5fbab384c21f1245304535ffd5fb167ae92a6b4d3cdb55a3b6"},
    {file = "pygame-2.6.0-cp38-cp38-win32.whl", hash = "sha256:4faab2df9926c4d31215986536b112f0d76f711cf02f395805f1ff5df8fd55fc"},
    {file = "pygame-2.6.0-cp38-cp38-win_amd64.whl", hash = "sha256:afbb8d97aed93dfb116fe105603dacb68f8dab05b978a40a9e4ab1b6c1f683fd"},
    {file = "pygame-2.6.0-cp39-cp39-macosx_10_9_x86_64.whl", hash = "sha256:d11f3646b53819892f4a731e80b8589a9140343d0d4b86b826802191b241228c"},
    {file = "pygame-2.6.0-cp39-cp39-macosx_11_0_arm64.whl", hash = "sha256:5ef92ed93c354eabff4b85e457d4d6980115004ec7ff52a19fd38b929c3b80fb"},
    {file = "pygame-2.6.0-cp39-cp39-manylinux_2_17_aarch64.manylinux2014_aarch64.whl", hash = "sha256:9bc1795f2e36302882546faacd5a0191463c4f4ae2b90e7c334a7733aa4190d2"},
    {file = "pygame-2.6.0-cp39-cp39-manylinux_2_17_i686.manylinux2014_i686.whl", hash = "sha256:e92294fcc85c4955fe5bc6a0404e4cc870808005dc8f359e881544e3cc214108"},
    {file = "pygame-2.6.0-cp39-cp39-manylinux_2_17_x86_64.manylinux2014_x86_64.whl", hash = "sha256:c0cb7bdf3ee0233a3ac02ef777c01dfe315e6d4670f1312c83b91c1ef124359a"},
    {file = "pygame-2.6.0-cp39-cp39-win32.whl", hash = "sha256:ac906478ae489bb837bf6d2ae1eb9261d658aa2c34fa5b283027a04149bda81a"},
    {file = "pygame-2.6.0-cp39-cp39-win_amd64.whl", hash = "sha256:92cf12a9722f6f0bdc5520d8925a8f085cff9c054a2ea462fc409cba3781be27"},
    {file = "pygame-2.6.0-pp36-pypy36_pp73-win32.whl", hash = "sha256:a6636f452fdaddf604a060849feb84c056930b6a3c036214f607741f16aac942"},
    {file = "pygame-2.6.0-pp37-pypy37_pp73-manylinux_2_17_i686.manylinux2014_i686.whl", hash = "sha256:3dc242dc15d067d10f25c5b12a1da48ca9436d8e2d72353eaf757e83612fba2f"},
    {file = "pygame-2.6.0-pp37-pypy37_pp73-manylinux_2_17_x86_64.manylinux2014_x86_64.whl", hash = "sha256:f82df23598a281c8c342d3c90be213c8fe762a26c15815511f60d0aac6e03a70"},
    {file = "pygame-2.6.0-pp38-pypy38_pp73-macosx_10_9_x86_64.whl", hash = "sha256:2ed2539bb6bd211fc570b1169dc4a64a74ec5cd95741e62a0ab46bd18fe08e0d"},
    {file = "pygame-2.6.0-pp38-pypy38_pp73-manylinux_2_17_i686.manylinux2014_i686.whl", hash = "sha256:904aaf29710c6b03a7e1a65b198f5467ed6525e8e60bdcc5e90ff8584c1d54ea"},
    {file = "pygame-2.6.0-pp38-pypy38_pp73-manylinux_2_17_x86_64.manylinux2014_x86_64.whl", hash = "sha256:fcd28f96f0fffd28e71a98773843074597e10d7f55a098e2e5bcb2bef1bdcbf5"},
    {file = "pygame-2.6.0-pp39-pypy39_pp73-macosx_10_9_x86_64.whl", hash = "sha256:4fad1ab33443ecd4f958dbbb67fc09fcdc7a37e26c34054e3296fb7e26ad641e"},
    {file = "pygame-2.6.0-pp39-pypy39_pp73-manylinux_2_17_i686.manylinux2014_i686.whl", hash = "sha256:e909186d4d512add39b662904f0f79b73028fbfc4fbfdaf6f9412aed4e500e9c"},
    {file = "pygame-2.6.0-pp39-pypy39_pp73-manylinux_2_17_x86_64.manylinux2014_x86_64.whl", hash = "sha256:79abcbf6d12fce51a955a0652ccd50b6d0a355baa27799535eaf21efb43433dd"},
    {file = "pygame-2.6.0.tar.gz", hash = "sha256:722d33ae676aa8533c1f955eded966411298831346b8d51a77dad22e46ba3e35"},
]

[[package]]
name = "pyparsing"
version = "3.1.4"
description = "pyparsing module - Classes and methods to define and execute parsing grammars"
optional = false
python-versions = ">=3.6.8"
files = [
    {file = "pyparsing-3.1.4-py3-none-any.whl", hash = "sha256:a6a7ee4235a3f944aa1fa2249307708f893fe5717dc603503c6c7969c070fb7c"},
    {file = "pyparsing-3.1.4.tar.gz", hash = "sha256:f86ec8d1a83f11977c9a6ea7598e8c27fc5cddfa5b07ea2241edbbde1d7bc032"},
]

[package.extras]
diagrams = ["jinja2", "railroad-diagrams"]

[[package]]
name = "setuptools"
version = "75.1.0"
description = "Easily download, build, install, upgrade, and uninstall Python packages"
optional = false
python-versions = ">=3.8"
files = [
    {file = "setuptools-75.1.0-py3-none-any.whl", hash = "sha256:35ab7fd3bcd95e6b7fd704e4a1539513edad446c097797f2985e0e4b960772f2"},
    {file = "setuptools-75.1.0.tar.gz", hash = "sha256:d59a21b17a275fb872a9c3dae73963160ae079f1049ed956880cd7c09b120538"},
]

[package.extras]
check = ["pytest-checkdocs (>=2.4)", "pytest-ruff (>=0.2.1)", "ruff (>=0.5.2)"]
core = ["importlib-metadata (>=6)", "importlib-resources (>=5.10.2)", "jaraco.collections", "jaraco.functools", "jaraco.text (>=3.7)", "more-itertools", "more-itertools (>=8.8)", "packaging", "packaging (>=24)", "platformdirs (>=2.6.2)", "tomli (>=2.0.1)", "wheel (>=0.43.0)"]
cover = ["pytest-cov"]
doc = ["furo", "jaraco.packaging (>=9.3)", "jaraco.tidelift (>=1.4)", "pygments-github-lexers (==0.0.5)", "pyproject-hooks (!=1.1)", "rst.linker (>=1.9)", "sphinx (>=3.5)", "sphinx-favicon", "sphinx-inline-tabs", "sphinx-lint", "sphinx-notfound-page (>=1,<2)", "sphinx-reredirects", "sphinxcontrib-towncrier", "towncrier (<24.7)"]
enabler = ["pytest-enabler (>=2.2)"]
test = ["build[virtualenv] (>=1.0.3)", "filelock (>=3.4.0)", "ini2toml[lite] (>=0.14)", "jaraco.develop (>=7.21)", "jaraco.envs (>=2.2)", "jaraco.path (>=3.2.0)", "jaraco.test", "packaging (>=23.2)", "pip (>=19.1)", "pyproject-hooks (!=1.1)", "pytest (>=6,!=8.1.*)", "pytest-home (>=0.5)", "pytest-perf", "pytest-subprocess", "pytest-timeout", "pytest-xdist (>=3)", "tomli-w (>=1.0.0)", "virtualenv (>=13.0.0)", "wheel (>=0.44.0)"]
type = ["importlib-metadata (>=7.0.2)", "jaraco.develop (>=7.21)", "mypy (==1.11.*)", "pytest-mypy"]

[metadata]
lock-version = "2.0"
python-versions = "^3.12"
content-hash = "3d291f836d93aead2cfb36848949fff8bed0f6405f3e7b75a35c40b4a7dee96b"
